
Microsoft Visual Studio Solution File, Format Version 12.00
# Visual Studio 14
VisualStudioVersion = 14.0.25420.1
MinimumVisualStudioVersion = 10.0.40219.1
Project("{8BB2217D-0F2D-49D1-97BC-3654ED321F3B}") = "MvcMovie", "MvcMovie\MvcMovie.xproj", "{A22FDBF7-72A3-4598-A4CB-17F7F717FAFE}"
EndProject
Global
	GlobalSection(SolutionConfigurationPlatforms) = preSolution
		Debug|Any CPU = Debug|Any CPU
		Release|Any CPU = Release|Any CPU
	EndGlobalSection
	GlobalSection(ProjectConfigurationPlatforms) = postSolution
		{A22FDBF7-72A3-4598-A4CB-17F7F717FAFE}.Debug|Any CPU.ActiveCfg = Debug|Any CPU
		{A22FDBF7-72A3-4598-A4CB-17F7F717FAFE}.Debug|Any CPU.Build.0 = Debug|Any CPU
		{A22FDBF7-72A3-4598-A4CB-17F7F717FAFE}.Release|Any CPU.ActiveCfg = Release|Any CPU
		{A22FDBF7-72A3-4598-A4CB-17F7F717FAFE}.Release|Any CPU.Build.0 = Release|Any CPU
	EndGlobalSection
	GlobalSection(SolutionProperties) = preSolution
		HideSolutionNode = FALSE
	EndGlobalSection
EndGlobal
